
Microsoft Visual Studio Solution File, Format Version 12.00
# Visual Studio Version 17
VisualStudioVersion = 17.7.34031.279
MinimumVisualStudioVersion = 10.0.40219.1
Project("{8BC9CEB8-8B4A-11D0-8D11-00A0C91BC942}") = "Lecture", "Lecture.vcxproj", "{7F1A8333-6DDB-4DD8-BDC8-AB6A56E315E7}"
EndProject
Global
	GlobalSection(SolutionConfigurationPlatforms) = preSolution
		Debug|x64 = Debug|x64
		Debug|x86 = Debug|x86
		Release|x64 = Release|x64
		Release|x86 = Release|x86
	EndGlobalSection
	GlobalSection(ProjectConfigurationPlatforms) = postSolution
		{7F1A8333-6DDB-4DD8-BDC8-AB6A56E315E7}.Debug|x64.ActiveCfg = Debug|x64
		{7F1A8333-6DDB-4DD8-BDC8-AB6A56E315E7}.Debug|x64.Build.0 = Debug|x64
		{7F1A8333-6DDB-4DD8-BDC8-AB6A56E315E7}.Debug|x86.ActiveCfg = Debug|Win32
		{7F1A8333-6DDB-4DD8-BDC8-AB6A56E315E7}.Debug|x86.Build.0 = Debug|Win32
		{7F1A8333-6DDB-4DD8-BDC8-AB6A56E315E7}.Release|x64.ActiveCfg = Release|x64
		{7F1A8333-6DDB-4DD8-BDC8-AB6A56E315E7}.Release|x64.Build.0 = Release|x64
		{7F1A8333-6DDB-4DD8-BDC8-AB6A56E315E7}.Release|x86.ActiveCfg = Release|Win32
		{7F1A8333-6DDB-4DD8-BDC8-AB6A56E315E7}.Release|x86.Build.0 = Release|Win32
	EndGlobalSection
	GlobalSection(SolutionProperties) = preSolution
		HideSolutionNode = FALSE
	EndGlobalSection
	GlobalSection(ExtensibilityGlobals) = postSolution
		SolutionGuid = {7731A894-DB0C-414E-BE0E-45FD11C47051}
	EndGlobalSection
EndGlobal
